// !$*UTF8*$!
{
	archiveVersion = 1;
	classes = {
	};
	objectVersion = 46;
	objects = {

/* Begin PBXBuildFile section */
		5486D9D11B10805E00D35301 /* AppDelegate.swift in Sources */ = {isa = PBXBuildFile; fileRef = 5486D9D01B10805E00D35301 /* AppDelegate.swift */; };
		5486D9D31B10805E00D35301 /* ViewController.swift in Sources */ = {isa = PBXBuildFile; fileRef = 5486D9D21B10805E00D35301 /* ViewController.swift */; };
		5486D9D61B10805E00D35301 /* Main.storyboard in Resources */ = {isa = PBXBuildFile; fileRef = 5486D9D41B10805E00D35301 /* Main.storyboard */; };
		5486D9D81B10805E00D35301 /* Images.xcassets in Resources */ = {isa = PBXBuildFile; fileRef = 5486D9D71B10805E00D35301 /* Images.xcassets */; };
		5486D9DB1B10805E00D35301 /* LaunchScreen.xib in Resources */ = {isa = PBXBuildFile; fileRef = 5486D9D91B10805E00D35301 /* LaunchScreen.xib */; };
		5486D9E71B10805E00D35301 /* iOSAnimationTests.swift in Sources */ = {isa = PBXBuildFile; fileRef = 5486D9E61B10805E00D35301 /* iOSAnimationTests.swift */; };
		5486D9F11B10816500D35301 /* PositionViewController.swift in Sources */ = {isa = PBXBuildFile; fileRef = 5486D9F01B10816500D35301 /* PositionViewController.swift */; };
/* End PBXBuildFile section */

/* Begin PBXContainerItemProxy section */
		5486D9E11B10805E00D35301 /* PBXContainerItemProxy */ = {
			isa = PBXContainerItemProxy;
			containerPortal = 5486D9C31B10805E00D35301 /* Project object */;
			proxyType = 1;
			remoteGlobalIDString = 5486D9CA1B10805E00D35301;
			remoteInfo = iOSAnimation;
		};
/* End PBXContainerItemProxy section */

/* Begin PBXFileReference section */
		5486D9CB1B10805E00D35301 /* iOSAnimation.app */ = {isa = PBXFileReference; explicitFileType = wrapper.application; includeInIndex = 0; path = iOSAnimation.app; sourceTree = BUILT_PRODUCTS_DIR; };
		5486D9CF1B10805E00D35301 /* Info.plist */ = {isa = PBXFileReference; lastKnownFileType = text.plist.xml; path = Info.plist; sourceTree = "<group>"; };
		5486D9D01B10805E00D35301 /* AppDelegate.swift */ = {isa = PBXFileReference; lastKnownFileType = sourcecode.swift; path = AppDelegate.swift; sourceTree = "<group>"; };
		5486D9D21B10805E00D35301 /* ViewController.swift */ = {isa = PBXFileReference; lastKnownFileType = sourcecode.swift; path = ViewController.swift; sourceTree = "<group>"; };
		5486D9D51B10805E00D35301 /* Base */ = {isa = PBXFileReference; lastKnownFileType = file.storyboard; name = Base; path = Base.lproj/Main.storyboard; sourceTree = "<group>"; };
		5486D9D71B10805E00D35301 /* Images.xcassets */ = {isa = PBXFileReference; lastKnownFileType = folder.assetcatalog; path = Images.xcassets; sourceTree = "<group>"; };
		5486D9DA1B10805E00D35301 /* Base */ = {isa = PBXFileReference; lastKnownFileType = file.xib; name = Base; path = Base.lproj/LaunchScreen.xib; sourceTree = "<group>"; };
		5486D9E01B10805E00D35301 /* iOSAnimationTests.xctest */ = {isa = PBXFileReference; explicitFileType = wrapper.cfbundle; includeInIndex = 0; path = iOSAnimationTests.xctest; sourceTree = BUILT_PRODUCTS_DIR; };
		5486D9E51B10805E00D35301 /* Info.plist */ = {isa = PBXFileReference; lastKnownFileType = text.plist.xml; path = Info.plist; sourceTree = "<group>"; };
		5486D9E61B10805E00D35301 /* iOSAnimationTests.swift */ = {isa = PBXFileReference; lastKnownFileType = sourcecode.swift; path = iOSAnimationTests.swift; sourceTree = "<group>"; };
		5486D9F01B10816500D35301 /* PositionViewController.swift */ = {isa = PBXFileReference; fileEncoding = 4; lastKnownFileType = sourcecode.swift; path = PositionViewController.swift; sourceTree = "<group>"; };
/* End PBXFileReference section */

/* Begin PBXFrameworksBuildPhase section */
		5486D9C81B10805E00D35301 /* Frameworks */ = {
			isa = PBXFrameworksBuildPhase;
			buildActionMask = 2147483647;
			files = (
			);
			runOnlyForDeploymentPostprocessing = 0;
		};
		5486D9DD1B10805E00D35301 /* Frameworks */ = {
			isa = PBXFrameworksBuildPhase;
			buildActionMask = 2147483647;
			files = (
			);
			runOnlyForDeploymentPostprocessing = 0;
		};
/* End PBXFrameworksBuildPhase section */

/* Begin PBXGroup section */
		5486D9C21B10805E00D35301 = {
			isa = PBXGroup;
			children = (
				5486D9CD1B10805E00D35301 /* iOSAnimation */,
				5486D9E31B10805E00D35301 /* iOSAnimationTests */,
				5486D9CC1B10805E00D35301 /* Products */,
			);
			sourceTree = "<group>";
		};
		5486D9CC1B10805E00D35301 /* Products */ = {
			isa = PBXGroup;
			children = (
				5486D9CB1B10805E00D35301 /* iOSAnimation.app */,
				5486D9E01B10805E00D35301 /* iOSAnimationTests.xctest */,
			);
			name = Products;
			sourceTree = "<group>";
		};
		5486D9CD1B10805E00D35301 /* iOSAnimation */ = {
			isa = PBXGroup;
			children = (
				5486D9D01B10805E00D35301 /* AppDelegate.swift */,
				5486D9D21B10805E00D35301 /* ViewController.swift */,
				5486D9D41B10805E00D35301 /* Main.storyboard */,
				5486D9D71B10805E00D35301 /* Images.xcassets */,
				5486D9D91B10805E00D35301 /* LaunchScreen.xib */,
				5486D9CE1B10805E00D35301 /* Supporting Files */,
				5486D9F01B10816500D35301 /* PositionViewController.swift */,
			);
			path = iOSAnimation;
			sourceTree = "<group>";
		};
		5486D9CE1B10805E00D35301 /* Supporting Files */ = {
			isa = PBXGroup;
			children = (
				5486D9CF1B10805E00D35301 /* Info.plist */,
			);
			name = "Supporting Files";
			sourceTree = "<group>";
		};
		5486D9E31B10805E00D35301 /* iOSAnimationTests */ = {
			isa = PBXGroup;
			children = (
				5486D9E61B10805E00D35301 /* iOSAnimationTests.swift */,
				5486D9E41B10805E00D35301 /* Supporting Files */,
			);
			path = iOSAnimationTests;
			sourceTree = "<group>";
		};
		5486D9E41B10805E00D35301 /* Supporting Files */ = {
			isa = PBXGroup;
			children = (
				5486D9E51B10805E00D35301 /* Info.plist */,
			);
			name = "Supporting Files";
			sourceTree = "<group>";
		};
/* End PBXGroup section */

/* Begin PBXNativeTarget section */
		5486D9CA1B10805E00D35301 /* iOSAnimation */ = {
			isa = PBXNativeTarget;
			buildConfigurationList = 5486D9EA1B10805E00D35301 /* Build configuration list for PBXNativeTarget "iOSAnimation" */;
			buildPhases = (
				5486D9C71B10805E00D35301 /* Sources */,
				5486D9C81B10805E00D35301 /* Frameworks */,
				5486D9C91B10805E00D35301 /* Resources */,
			);
			buildRules = (
			);
			dependencies = (
			);
			name = iOSAnimation;
			productName = iOSAnimation;
			productReference = 5486D9CB1B10805E00D35301 /* iOSAnimation.app */;
			productType = "com.apple.product-type.application";
		};
		5486D9DF1B10805E00D35301 /* iOSAnimationTests */ = {
			isa = PBXNativeTarget;
			buildConfigurationList = 5486D9ED1B10805E00D35301 /* Build configuration list for PBXNativeTarget "iOSAnimationTests" */;
			buildPhases = (
				5486D9DC1B10805E00D35301 /* Sources */,
				5486D9DD1B10805E00D35301 /* Frameworks */,
				5486D9DE1B10805E00D35301 /* Resources */,
			);
			buildRules = (
			);
			dependencies = (
				5486D9E21B10805E00D35301 /* PBXTargetDependency */,
			);
			name = iOSAnimationTests;
			productName = iOSAnimationTests;
			productReference = 5486D9E01B10805E00D35301 /* iOSAnimationTests.xctest */;
			productType = "com.apple.product-type.bundle.unit-test";
		};
/* End PBXNativeTarget section */

/* Begin PBXProject section */
		5486D9C31B10805E00D35301 /* Project object */ = {
			isa = PBXProject;
			attributes = {
				LastUpgradeCheck = 0600;
				ORGANIZATIONNAME = per4j;
				TargetAttributes = {
					5486D9CA1B10805E00D35301 = {
						CreatedOnToolsVersion = 6.0.1;
					};
					5486D9DF1B10805E00D35301 = {
						CreatedOnToolsVersion = 6.0.1;
						TestTargetID = 5486D9CA1B10805E00D35301;
					};
				};
			};
			buildConfigurationList = 5486D9C61B10805E00D35301 /* Build configuration list for PBXProject "iOSAnimation" */;
			compatibilityVersion = "Xcode 3.2";
			developmentRegion = English;
			hasScannedForEncodings = 0;
			knownRegions = (
				en,
				Base,
			);
			mainGroup = 5486D9C21B10805E00D35301;
			productRefGroup = 5486D9CC1B10805E00D35301 /* Products */;
			projectDirPath = "";
			projectRoot = "";
			targets = (
				5486D9CA1B10805E00D35301 /* iOSAnimation */,
				5486D9DF1B10805E00D35301 /* iOSAnimationTests */,
			);
		};
/* End PBXProject section */

/* Begin PBXResourcesBuildPhase section */
		5486D9C91B10805E00D35301 /* Resources */ = {
			isa = PBXResourcesBuildPhase;
			buildActionMask = 2147483647;
			files = (
				5486D9D61B10805E00D35301 /* Main.storyboard in Resources */,
				5486D9DB1B10805E00D35301 /* LaunchScreen.xib in Resources */,
				5486D9D81B10805E00D35301 /* Images.xcassets in Resources */,
			);
			runOnlyForDeploymentPostprocessing = 0;
		};
		5486D9DE1B10805E00D35301 /* Resources */ = {
			isa = PBXResourcesBuildPhase;
			buildActionMask = 2147483647;
			files = (
			);
			runOnlyForDeploymentPostprocessing = 0;
		};
/* End PBXResourcesBuildPhase section */

/* Begin PBXSourcesBuildPhase section */
		5486D9C71B10805E00D35301 /* Sources */ = {
			isa = PBXSourcesBuildPhase;
			buildActionMask = 2147483647;
			files = (
				5486D9F11B10816500D35301 /* PositionViewController.swift in Sources */,
				5486D9D31B10805E00D35301 /* ViewController.swift in Sources */,
				5486D9D11B10805E00D35301 /* AppDelegate.swift in Sources */,
			);
			runOnlyForDeploymentPostprocessing = 0;
		};
		5486D9DC1B10805E00D35301 /* Sources */ = {
			isa = PBXSourcesBuildPhase;
			buildActionMask = 2147483647;
			files = (
				5486D9E71B10805E00D35301 /* iOSAnimationTests.swift in Sources */,
			);
			runOnlyForDeploymentPostprocessing = 0;
		};
/* End PBXSourcesBuildPhase section */

/* Begin PBXTargetDependency section */
		5486D9E21B10805E00D35301 /* PBXTargetDependency */ = {
			isa = PBXTargetDependency;
			target = 5486D9CA1B10805E00D35301 /* iOSAnimation */;
			targetProxy = 5486D9E11B10805E00D35301 /* PBXContainerItemProxy */;
		};
/* End PBXTargetDependency section */

/* Begin PBXVariantGroup section */
		5486D9D41B10805E00D35301 /* Main.storyboard */ = {
			isa = PBXVariantGroup;
			children = (
				5486D9D51B10805E00D35301 /* Base */,
			);
			name = Main.storyboard;
			sourceTree = "<group>";
		};
		5486D9D91B10805E00D35301 /* LaunchScreen.xib */ = {
			isa = PBXVariantGroup;
			children = (
				5486D9DA1B10805E00D35301 /* Base */,
			);
			name = LaunchScreen.xib;
			sourceTree = "<group>";
		};
/* End PBXVariantGroup section */

/* Begin XCBuildConfiguration section */
		5486D9E81B10805E00D35301 /* Debug */ = {
			isa = XCBuildConfiguration;
			buildSettings = {
				ALWAYS_SEARCH_USER_PATHS = NO;
				CLANG_CXX_LANGUAGE_STANDARD = "gnu++0x";
				CLANG_CXX_LIBRARY = "libc++";
				CLANG_ENABLE_MODULES = YES;
				CLANG_ENABLE_OBJC_ARC = YES;
				CLANG_WARN_BOOL_CONVERSION = YES;
				CLANG_WARN_CONSTANT_CONVERSION = YES;
				CLANG_WARN_DIRECT_OBJC_ISA_USAGE = YES_ERROR;
				CLANG_WARN_EMPTY_BODY = YES;
				CLANG_WARN_ENUM_CONVERSION = YES;
				CLANG_WARN_INT_CONVERSION = YES;
				CLANG_WARN_OBJC_ROOT_CLASS = YES_ERROR;
				CLANG_WARN_UNREACHABLE_CODE = YES;
				CLANG_WARN__DUPLICATE_METHOD_MATCH = YES;
				"CODE_SIGN_IDENTITY[sdk=iphoneos*]" = "iPhone Developer";
				COPY_PHASE_STRIP = NO;
				ENABLE_STRICT_OBJC_MSGSEND = YES;
				GCC_C_LANGUAGE_STANDARD = gnu99;
				GCC_DYNAMIC_NO_PIC = NO;
				GCC_OPTIMIZATION_LEVEL = 0;
				GCC_PREPROCESSOR_DEFINITIONS = (
					"DEBUG=1",
					"$(inherited)",
				);
				GCC_SYMBOLS_PRIVATE_EXTERN = NO;
				GCC_WARN_64_TO_32_BIT_CONVERSION = YES;
				GCC_WARN_ABOUT_RETURN_TYPE = YES_ERROR;
				GCC_WARN_UNDECLARED_SELECTOR = YES;
				GCC_WARN_UNINITIALIZED_AUTOS = YES_AGGRESSIVE;
				GCC_WARN_UNUSED_FUNCTION = YES;
				GCC_WARN_UNUSED_VARIABLE = YES;
				IPHONEOS_DEPLOYMENT_TARGET = 8.0;
				MTL_ENABLE_DEBUG_INFO = YES;
				ONLY_ACTIVE_ARCH = YES;
				SDKROOT = iphoneos;
				SWIFT_OPTIMIZATION_LEVEL = "-Onone";
			};
			name = Debug;
		};
		5486D9E91B10805E00D35301 /* Release */ = {
			isa = XCBuildConfiguration;
			buildSettings = {
				ALWAYS_SEARCH_USER_PATHS = NO;
				CLANG_CXX_LANGUAGE_STANDARD = "gnu++0x";
				CLANG_CXX_LIBRARY = "libc++";
				CLANG_ENABLE_MODULES = YES;
				CLANG_ENABLE_OBJC_ARC = YES;
				CLANG_WARN_BOOL_CONVERSION = YES;
				CLANG_WARN_CONSTANT_CONVERSION = YES;
				CLANG_WARN_DIRECT_OBJC_ISA_USAGE = YES_ERROR;
				CLANG_WARN_EMPTY_BODY = YES;
				CLANG_WARN_ENUM_CONVERSION = YES;
				CLANG_WARN_INT_CONVERSION = YES;
				CLANG_WARN_OBJC_ROOT_CLASS = YES_ERROR;
				CLANG_WARN_UNREACHABLE_CODE = YES;
				CLANG_WARN__DUPLICATE_METHOD_MATCH = YES;
				"CODE_SIGN_IDENTITY[sdk=iphoneos*]" = "iPhone Developer";
				COPY_PHASE_STRIP = YES;
				ENABLE_NS_ASSERTIONS = NO;
				ENABLE_STRICT_OBJC_MSGSEND = YES;
				GCC_C_LANGUAGE_STANDARD = gnu99;
				GCC_WARN_64_TO_32_BIT_CONVERSION = YES;
				GCC_WARN_ABOUT_RETURN_TYPE = YES_ERROR;
				GCC_WARN_UNDECLARED_SELECTOR = YES;
				GCC_WARN_UNINITIALIZED_AUTOS = YES_AGGRESSIVE;
				GCC_WARN_UNUSED_FUNCTION = YES;
				GCC_WARN_UNUSED_VARIABLE = YES;
				IPHONEOS_DEPLOYMENT_TARGET = 8.0;
				MTL_ENABLE_DEBUG_INFO = NO;
				SDKROOT = iphoneos;
				VALIDATE_PRODUCT = YES;
			};
			name = Release;
		};
		5486D9EB1B10805E00D35301 /* Debug */ = {
			isa = XCBuildConfiguration;
			buildSettings = {
				ASSETCATALOG_COMPILER_APPICON_NAME = AppIcon;
				INFOPLIST_FILE = iOSAnimation/Info.plist;
				LD_RUNPATH_SEARCH_PATHS = "$(inherited) @executable_path/Frameworks";
				PRODUCT_NAME = "$(TARGET_NAME)";
			};
			name = Debug;
		};
		5486D9EC1B10805E00D35301 /* Release */ = {
			isa = XCBuildConfiguration;
			buildSettings = {
				ASSETCATALOG_COMPILER_APPICON_NAME = AppIcon;
				INFOPLIST_FILE = iOSAnimation/Info.plist;
				LD_RUNPATH_SEARCH_PATHS = "$(inherited) @executable_path/Frameworks";
				PRODUCT_NAME = "$(TARGET_NAME)";
			};
			name = Release;
		};
		5486D9EE1B10805E00D35301 /* Debug */ = {
			isa = XCBuildConfiguration;
			buildSettings = {
				BUNDLE_LOADER = "$(TEST_HOST)";
				FRAMEWORK_SEARCH_PATHS = (
					"$(SDKROOT)/Developer/Library/Frameworks",
					"$(inherited)",
				);
				GCC_PREPROCESSOR_DEFINITIONS = (
					"DEBUG=1",
					"$(inherited)",
				);
				INFOPLIST_FILE = iOSAnimationTests/Info.plist;
				LD_RUNPATH_SEARCH_PATHS = "$(inherited) @executable_path/Frameworks @loader_path/Frameworks";
				PRODUCT_NAME = "$(TARGET_NAME)";
				TEST_HOST = "$(BUILT_PRODUCTS_DIR)/iOSAnimation.app/iOSAnimation";
			};
			name = Debug;
		};
		5486D9EF1B10805E00D35301 /* Release */ = {
			isa = XCBuildConfiguration;
			buildSettings = {
				BUNDLE_LOADER = "$(TEST_HOST)";
				FRAMEWORK_SEARCH_PATHS = (
					"$(SDKROOT)/Developer/Library/Frameworks",
					"$(inherited)",
				);
				INFOPLIST_FILE = iOSAnimationTests/Info.plist;
				LD_RUNPATH_SEARCH_PATHS = "$(inherited) @executable_path/Frameworks @loader_path/Frameworks";
				PRODUCT_NAME = "$(TARGET_NAME)";
				TEST_HOST = "$(BUILT_PRODUCTS_DIR)/iOSAnimation.app/iOSAnimation";
			};
			name = Release;
		};
/* End XCBuildConfiguration section */

/* Begin XCConfigurationList section */
		5486D9C61B10805E00D35301 /* Build configuration list for PBXProject "iOSAnimation" */ = {
			isa = XCConfigurationList;
			buildConfigurations = (
				5486D9E81B10805E00D35301 /* Debug */,
				5486D9E91B10805E00D35301 /* Release */,
			);
			defaultConfigurationIsVisible = 0;
			defaultConfigurationName = Release;
		};
		5486D9EA1B10805E00D35301 /* Build configuration list for PBXNativeTarget "iOSAnimation" */ = {
			isa = XCConfigurationList;
			buildConfigurations = (
				5486D9EB1B10805E00D35301 /* Debug */,
				5486D9EC1B10805E00D35301 /* Release */,
			);
			defaultConfigurationIsVisible = 0;
		};
		5486D9ED1B10805E00D35301 /* Build configuration list for PBXNativeTarget "iOSAnimationTests" */ = {
			isa = XCConfigurationList;
			buildConfigurations = (
				5486D9EE1B10805E00D35301 /* Debug */,
				5486D9EF1B10805E00D35301 /* Release */,
			);
			defaultConfigurationIsVisible = 0;
		};
/* End XCConfigurationList section */
	};
	rootObject = 5486D9C31B10805E00D35301 /* Project object */;
}
